// !$*UTF8*$!
{
	archiveVersion = 1;
	classes = {
	};
	objectVersion = 46;
	objects = {

/* Begin PBXBuildFile section */
		2B2715E11C62437E001B34B4 /* main.m in Sources */ = {isa = PBXBuildFile; fileRef = 2B2715E01C62437E001B34B4 /* main.m */; };
		2B2715E41C62437E001B34B4 /* AppDelegate.m in Sources */ = {isa = PBXBuildFile; fileRef = 2B2715E31C62437E001B34B4 /* AppDelegate.m */; };
		2B2715E71C62437E001B34B4 /* IngredientsTableViewController.m in Sources */ = {isa = PBXBuildFile; fileRef = 2B2715E61C62437E001B34B4 /* IngredientsTableViewController.m */; };
		2B2715EA1C62437E001B34B4 /* Main.storyboard in Resources */ = {isa = PBXBuildFile; fileRef = 2B2715E81C62437E001B34B4 /* Main.storyboard */; };
		2B2715EC1C62437E001B34B4 /* Assets.xcassets in Resources */ = {isa = PBXBuildFile; fileRef = 2B2715EB1C62437E001B34B4 /* Assets.xcassets */; };
		2B2715EF1C62437E001B34B4 /* LaunchScreen.storyboard in Resources */ = {isa = PBXBuildFile; fileRef = 2B2715ED1C62437E001B34B4 /* LaunchScreen.storyboard */; };
		2B2716201C6393BB001B34B4 /* MAIngredient.m in Sources */ = {isa = PBXBuildFile; fileRef = 2B27161F1C6393BB001B34B4 /* MAIngredient.m */; settings = {ASSET_TAGS = (); }; };
		2B2716251C63BD96001B34B4 /* LocalData.m in Sources */ = {isa = PBXBuildFile; fileRef = 2B2716241C63BD96001B34B4 /* LocalData.m */; settings = {ASSET_TAGS = (); }; };
		2B2716291C63D4DB001B34B4 /* Notifications.m in Sources */ = {isa = PBXBuildFile; fileRef = 2B2716281C63D4DB001B34B4 /* Notifications.m */; settings = {ASSET_TAGS = (); }; };
		2B2716311C64DEB7001B34B4 /* MealsViewController.m in Sources */ = {isa = PBXBuildFile; fileRef = 2B2716301C64DEB7001B34B4 /* MealsViewController.m */; settings = {ASSET_TAGS = (); }; };
		2B2716341C650B06001B34B4 /* MAMeal.m in Sources */ = {isa = PBXBuildFile; fileRef = 2B2716331C650B06001B34B4 /* MAMeal.m */; settings = {ASSET_TAGS = (); }; };
		2B2716371C65152F001B34B4 /* MAHttpRequest.m in Sources */ = {isa = PBXBuildFile; fileRef = 2B2716361C65152F001B34B4 /* MAHttpRequest.m */; settings = {ASSET_TAGS = (); }; };
		2B2716391C6529E1001B34B4 /* images in Resources */ = {isa = PBXBuildFile; fileRef = 2B2716381C6529E1001B34B4 /* images */; settings = {ASSET_TAGS = (); }; };
		2B2716401C652DD1001B34B4 /* cell_bottom.png in Resources */ = {isa = PBXBuildFile; fileRef = 2B27163A1C652DD1001B34B4 /* cell_bottom.png */; settings = {ASSET_TAGS = (); }; };
		2B2716411C652DD1001B34B4 /* cell_bottom@2x.png in Resources */ = {isa = PBXBuildFile; fileRef = 2B27163B1C652DD1001B34B4 /* cell_bottom@2x.png */; settings = {ASSET_TAGS = (); }; };
		2B2716421C652DD1001B34B4 /* cell_middle.png in Resources */ = {isa = PBXBuildFile; fileRef = 2B27163C1C652DD1001B34B4 /* cell_middle.png */; settings = {ASSET_TAGS = (); }; };
		2B2716431C652DD1001B34B4 /* cell_middle@2x.png in Resources */ = {isa = PBXBuildFile; fileRef = 2B27163D1C652DD1001B34B4 /* cell_middle@2x.png */; settings = {ASSET_TAGS = (); }; };
		2B2716441C652DD1001B34B4 /* cell_top.png in Resources */ = {isa = PBXBuildFile; fileRef = 2B27163E1C652DD1001B34B4 /* cell_top.png */; settings = {ASSET_TAGS = (); }; };
		2B2716451C652DD1001B34B4 /* cell_top@2x.png in Resources */ = {isa = PBXBuildFile; fileRef = 2B27163F1C652DD1001B34B4 /* cell_top@2x.png */; settings = {ASSET_TAGS = (); }; };
		B5907F93D1FE00A0BBB1540D /* libPods-CookMe.a in Frameworks */ = {isa = PBXBuildFile; fileRef = 63E1A629D77F2F408AE0CFAF /* libPods-CookMe.a */; };
/* End PBXBuildFile section */

/* Begin PBXFileReference section */
		2B2715DC1C62437E001B34B4 /* CookMe.app */ = {isa = PBXFileReference; explicitFileType = wrapper.application; includeInIndex = 0; path = CookMe.app; sourceTree = BUILT_PRODUCTS_DIR; };
		2B2715E01C62437E001B34B4 /* main.m */ = {isa = PBXFileReference; lastKnownFileType = sourcecode.c.objc; path = main.m; sourceTree = "<group>"; };
		2B2715E21C62437E001B34B4 /* AppDelegate.h */ = {isa = PBXFileReference; lastKnownFileType = sourcecode.c.h; path = AppDelegate.h; sourceTree = "<group>"; };
		2B2715E31C62437E001B34B4 /* AppDelegate.m */ = {isa = PBXFileReference; lastKnownFileType = sourcecode.c.objc; path = AppDelegate.m; sourceTree = "<group>"; };
		2B2715E51C62437E001B34B4 /* IngredientsTableViewController.h */ = {isa = PBXFileReference; lastKnownFileType = sourcecode.c.h; path = IngredientsTableViewController.h; sourceTree = "<group>"; };
		2B2715E61C62437E001B34B4 /* IngredientsTableViewController.m */ = {isa = PBXFileReference; lastKnownFileType = sourcecode.c.objc; path = IngredientsTableViewController.m; sourceTree = "<group>"; };
		2B2715E91C62437E001B34B4 /* Base */ = {isa = PBXFileReference; lastKnownFileType = file.storyboard; name = Base; path = Base.lproj/Main.storyboard; sourceTree = "<group>"; };
		2B2715EB1C62437E001B34B4 /* Assets.xcassets */ = {isa = PBXFileReference; lastKnownFileType = folder.assetcatalog; path = Assets.xcassets; sourceTree = "<group>"; };
		2B2715EE1C62437E001B34B4 /* Base */ = {isa = PBXFileReference; lastKnownFileType = file.storyboard; name = Base; path = Base.lproj/LaunchScreen.storyboard; sourceTree = "<group>"; };
		2B2715F01C62437E001B34B4 /* Info.plist */ = {isa = PBXFileReference; lastKnownFileType = text.plist.xml; path = Info.plist; sourceTree = "<group>"; };
		2B27161E1C6393BB001B34B4 /* MAIngredient.h */ = {isa = PBXFileReference; fileEncoding = 4; lastKnownFileType = sourcecode.c.h; path = MAIngredient.h; sourceTree = "<group>"; };
		2B27161F1C6393BB001B34B4 /* MAIngredient.m */ = {isa = PBXFileReference; fileEncoding = 4; lastKnownFileType = sourcecode.c.objc; path = MAIngredient.m; sourceTree = "<group>"; };
		2B2716231C63BD96001B34B4 /* LocalData.h */ = {isa = PBXFileReference; fileEncoding = 4; lastKnownFileType = sourcecode.c.h; path = LocalData.h; sourceTree = "<group>"; };
		2B2716241C63BD96001B34B4 /* LocalData.m */ = {isa = PBXFileReference; fileEncoding = 4; lastKnownFileType = sourcecode.c.objc; path = LocalData.m; sourceTree = "<group>"; };
		2B2716271C63D4DB001B34B4 /* Notifications.h */ = {isa = PBXFileReference; fileEncoding = 4; lastKnownFileType = sourcecode.c.h; path = Notifications.h; sourceTree = "<group>"; };
		2B2716281C63D4DB001B34B4 /* Notifications.m */ = {isa = PBXFileReference; fileEncoding = 4; lastKnownFileType = sourcecode.c.objc; path = Notifications.m; sourceTree = "<group>"; };
		2B27162F1C64DEB7001B34B4 /* MealsViewController.h */ = {isa = PBXFileReference; fileEncoding = 4; lastKnownFileType = sourcecode.c.h; path = MealsViewController.h; sourceTree = "<group>"; };
		2B2716301C64DEB7001B34B4 /* MealsViewController.m */ = {isa = PBXFileReference; fileEncoding = 4; lastKnownFileType = sourcecode.c.objc; path = MealsViewController.m; sourceTree = "<group>"; };
		2B2716321C650B06001B34B4 /* MAMeal.h */ = {isa = PBXFileReference; fileEncoding = 4; lastKnownFileType = sourcecode.c.h; path = MAMeal.h; sourceTree = "<group>"; };
		2B2716331C650B06001B34B4 /* MAMeal.m */ = {isa = PBXFileReference; fileEncoding = 4; lastKnownFileType = sourcecode.c.objc; path = MAMeal.m; sourceTree = "<group>"; };
		2B2716351C65152F001B34B4 /* MAHttpRequest.h */ = {isa = PBXFileReference; fileEncoding = 4; lastKnownFileType = sourcecode.c.h; path = MAHttpRequest.h; sourceTree = "<group>"; };
		2B2716361C65152F001B34B4 /* MAHttpRequest.m */ = {isa = PBXFileReference; fileEncoding = 4; lastKnownFileType = sourcecode.c.objc; path = MAHttpRequest.m; sourceTree = "<group>"; };
		2B2716381C6529E1001B34B4 /* images */ = {isa = PBXFileReference; lastKnownFileType = folder; path = images; sourceTree = "<group>"; };
		2B27163A1C652DD1001B34B4 /* cell_bottom.png */ = {isa = PBXFileReference; lastKnownFileType = image.png; name = cell_bottom.png; path = images/cell_bottom.png; sourceTree = "<group>"; };
		2B27163B1C652DD1001B34B4 /* cell_bottom@2x.png */ = {isa = PBXFileReference; lastKnownFileType = image.png; name = "cell_bottom@2x.png"; path = "images/cell_bottom@2x.png"; sourceTree = "<group>"; };
		2B27163C1C652DD1001B34B4 /* cell_middle.png */ = {isa = PBXFileReference; lastKnownFileType = image.png; name = cell_middle.png; path = images/cell_middle.png; sourceTree = "<group>"; };
		2B27163D1C652DD1001B34B4 /* cell_middle@2x.png */ = {isa = PBXFileReference; lastKnownFileType = image.png; name = "cell_middle@2x.png"; path = "images/cell_middle@2x.png"; sourceTree = "<group>"; };
		2B27163E1C652DD1001B34B4 /* cell_top.png */ = {isa = PBXFileReference; lastKnownFileType = image.png; name = cell_top.png; path = images/cell_top.png; sourceTree = "<group>"; };
		2B27163F1C652DD1001B34B4 /* cell_top@2x.png */ = {isa = PBXFileReference; lastKnownFileType = image.png; name = "cell_top@2x.png"; path = "images/cell_top@2x.png"; sourceTree = "<group>"; };
		63E1A629D77F2F408AE0CFAF /* libPods-CookMe.a */ = {isa = PBXFileReference; explicitFileType = archive.ar; includeInIndex = 0; path = "libPods-CookMe.a"; sourceTree = BUILT_PRODUCTS_DIR; };
		7506A61EA99DD8BD0692EAB4 /* Pods-CookMe.release.xcconfig */ = {isa = PBXFileReference; includeInIndex = 1; lastKnownFileType = text.xcconfig; name = "Pods-CookMe.release.xcconfig"; path = "Pods/Target Support Files/Pods-CookMe/Pods-CookMe.release.xcconfig"; sourceTree = "<group>"; };
		FF88EC9B77281625295E258A /* Pods-CookMe.debug.xcconfig */ = {isa = PBXFileReference; includeInIndex = 1; lastKnownFileType = text.xcconfig; name = "Pods-CookMe.debug.xcconfig"; path = "Pods/Target Support Files/Pods-CookMe/Pods-CookMe.debug.xcconfig"; sourceTree = "<group>"; };
/* End PBXFileReference section */

/* Begin PBXFrameworksBuildPhase section */
		2B2715D91C62437E001B34B4 /* Frameworks */ = {
			isa = PBXFrameworksBuildPhase;
			buildActionMask = 2147483647;
			files = (
				B5907F93D1FE00A0BBB1540D /* libPods-CookMe.a in Frameworks */,
			);
			runOnlyForDeploymentPostprocessing = 0;
		};
/* End PBXFrameworksBuildPhase section */

/* Begin PBXGroup section */
		11029705C40DB863BCA89448 /* Pods */ = {
			isa = PBXGroup;
			children = (
				FF88EC9B77281625295E258A /* Pods-CookMe.debug.xcconfig */,
				7506A61EA99DD8BD0692EAB4 /* Pods-CookMe.release.xcconfig */,
			);
			name = Pods;
			sourceTree = "<group>";
		};
		2B2715D31C62437E001B34B4 = {
			isa = PBXGroup;
			children = (
				2B2715DE1C62437E001B34B4 /* CookMe */,
				2B2715DD1C62437E001B34B4 /* Products */,
				11029705C40DB863BCA89448 /* Pods */,
				B24915EB990EA5A70D947935 /* Frameworks */,
			);
			sourceTree = "<group>";
		};
		2B2715DD1C62437E001B34B4 /* Products */ = {
			isa = PBXGroup;
			children = (
				2B2715DC1C62437E001B34B4 /* CookMe.app */,
			);
			name = Products;
			sourceTree = "<group>";
		};
		2B2715DE1C62437E001B34B4 /* CookMe */ = {
			isa = PBXGroup;
			children = (
				2B27163A1C652DD1001B34B4 /* cell_bottom.png */,
				2B27163B1C652DD1001B34B4 /* cell_bottom@2x.png */,
				2B27163C1C652DD1001B34B4 /* cell_middle.png */,
				2B27163D1C652DD1001B34B4 /* cell_middle@2x.png */,
				2B27163E1C652DD1001B34B4 /* cell_top.png */,
				2B27163F1C652DD1001B34B4 /* cell_top@2x.png */,
				2B2716381C6529E1001B34B4 /* images */,
				2B2716261C63D4B5001B34B4 /* Helpers */,
				2B2715E21C62437E001B34B4 /* AppDelegate.h */,
				2B2715E31C62437E001B34B4 /* AppDelegate.m */,
				2B2716221C63BD7D001B34B4 /* Data */,
				2B2716211C63961A001B34B4 /* Models */,
				2B27161D1C6385A8001B34B4 /* ViewModels */,
				2B2715E81C62437E001B34B4 /* Main.storyboard */,
				2B2715EB1C62437E001B34B4 /* Assets.xcassets */,
				2B2715ED1C62437E001B34B4 /* LaunchScreen.storyboard */,
				2B2715F01C62437E001B34B4 /* Info.plist */,
				2B2715DF1C62437E001B34B4 /* Supporting Files */,
			);
			path = CookMe;
			sourceTree = "<group>";
		};
		2B2715DF1C62437E001B34B4 /* Supporting Files */ = {
			isa = PBXGroup;
			children = (
				2B2715E01C62437E001B34B4 /* main.m */,
			);
			name = "Supporting Files";
			sourceTree = "<group>";
		};
		2B27161D1C6385A8001B34B4 /* ViewModels */ = {
			isa = PBXGroup;
			children = (
				2B2715E51C62437E001B34B4 /* IngredientsTableViewController.h */,
				2B2715E61C62437E001B34B4 /* IngredientsTableViewController.m */,
				2B27162F1C64DEB7001B34B4 /* MealsViewController.h */,
				2B2716301C64DEB7001B34B4 /* MealsViewController.m */,
			);
			name = ViewModels;
			sourceTree = "<group>";
		};
		2B2716211C63961A001B34B4 /* Models */ = {
			isa = PBXGroup;
			children = (
				2B27161E1C6393BB001B34B4 /* MAIngredient.h */,
				2B27161F1C6393BB001B34B4 /* MAIngredient.m */,
				2B2716321C650B06001B34B4 /* MAMeal.h */,
				2B2716331C650B06001B34B4 /* MAMeal.m */,
			);
			name = Models;
			sourceTree = "<group>";
		};
		2B2716221C63BD7D001B34B4 /* Data */ = {
			isa = PBXGroup;
			children = (
				2B2716231C63BD96001B34B4 /* LocalData.h */,
				2B2716241C63BD96001B34B4 /* LocalData.m */,
			);
			name = Data;
			sourceTree = "<group>";
		};
		2B2716261C63D4B5001B34B4 /* Helpers */ = {
			isa = PBXGroup;
			children = (
				2B2716271C63D4DB001B34B4 /* Notifications.h */,
				2B2716281C63D4DB001B34B4 /* Notifications.m */,
				2B2716351C65152F001B34B4 /* MAHttpRequest.h */,
				2B2716361C65152F001B34B4 /* MAHttpRequest.m */,
			);
			name = Helpers;
			sourceTree = "<group>";
		};
		B24915EB990EA5A70D947935 /* Frameworks */ = {
			isa = PBXGroup;
			children = (
				63E1A629D77F2F408AE0CFAF /* libPods-CookMe.a */,
			);
			name = Frameworks;
			sourceTree = "<group>";
		};
/* End PBXGroup section */

/* Begin PBXNativeTarget section */
		2B2715DB1C62437E001B34B4 /* CookMe */ = {
			isa = PBXNativeTarget;
			buildConfigurationList = 2B2715F31C62437E001B34B4 /* Build configuration list for PBXNativeTarget "CookMe" */;
			buildPhases = (
				E6C32870FB691C49205BA1EF /* Check Pods Manifest.lock */,
				2B2715D81C62437E001B34B4 /* Sources */,
				2B2715D91C62437E001B34B4 /* Frameworks */,
				2B2715DA1C62437E001B34B4 /* Resources */,
				15D1A13AC62CEB7BBABF560E /* Embed Pods Frameworks */,
				192A17D1A55B17B367947BBB /* Copy Pods Resources */,
			);
			buildRules = (
			);
			dependencies = (
			);
			name = CookMe;
			productName = CookMe;
			productReference = 2B2715DC1C62437E001B34B4 /* CookMe.app */;
			productType = "com.apple.product-type.application";
		};
/* End PBXNativeTarget section */

/* Begin PBXProject section */
		2B2715D41C62437E001B34B4 /* Project object */ = {
			isa = PBXProject;
			attributes = {
				LastUpgradeCheck = 0700;
				ORGANIZATIONNAME = MartinApostolov;
				TargetAttributes = {
					2B2715DB1C62437E001B34B4 = {
						CreatedOnToolsVersion = 7.0;
					};
				};
			};
			buildConfigurationList = 2B2715D71C62437E001B34B4 /* Build configuration list for PBXProject "CookMe" */;
			compatibilityVersion = "Xcode 3.2";
			developmentRegion = English;
			hasScannedForEncodings = 0;
			knownRegions = (
				en,
				Base,
			);
			mainGroup = 2B2715D31C62437E001B34B4;
			productRefGroup = 2B2715DD1C62437E001B34B4 /* Products */;
			projectDirPath = "";
			projectRoot = "";
			targets = (
				2B2715DB1C62437E001B34B4 /* CookMe */,
			);
		};
/* End PBXProject section */

/* Begin PBXResourcesBuildPhase section */
		2B2715DA1C62437E001B34B4 /* Resources */ = {
			isa = PBXResourcesBuildPhase;
			buildActionMask = 2147483647;
			files = (
				2B2716391C6529E1001B34B4 /* images in Resources */,
				2B2716411C652DD1001B34B4 /* cell_bottom@2x.png in Resources */,
				2B2716421C652DD1001B34B4 /* cell_middle.png in Resources */,
				2B2715EF1C62437E001B34B4 /* LaunchScreen.storyboard in Resources */,
				2B2715EC1C62437E001B34B4 /* Assets.xcassets in Resources */,
				2B2716431C652DD1001B34B4 /* cell_middle@2x.png in Resources */,
				2B2716401C652DD1001B34B4 /* cell_bottom.png in Resources */,
				2B2716441C652DD1001B34B4 /* cell_top.png in Resources */,
				2B2716451C652DD1001B34B4 /* cell_top@2x.png in Resources */,
				2B2715EA1C62437E001B34B4 /* Main.storyboard in Resources */,
			);
			runOnlyForDeploymentPostprocessing = 0;
		};
/* End PBXResourcesBuildPhase section */

/* Begin PBXShellScriptBuildPhase section */
		15D1A13AC62CEB7BBABF560E /* Embed Pods Frameworks */ = {
			isa = PBXShellScriptBuildPhase;
			buildActionMask = 2147483647;
			files = (
			);
			inputPaths = (
			);
			name = "Embed Pods Frameworks";
			outputPaths = (
			);
			runOnlyForDeploymentPostprocessing = 0;
			shellPath = /bin/sh;
			shellScript = "\"${SRCROOT}/Pods/Target Support Files/Pods-CookMe/Pods-CookMe-frameworks.sh\"\n";
			showEnvVarsInLog = 0;
		};
		192A17D1A55B17B367947BBB /* Copy Pods Resources */ = {
			isa = PBXShellScriptBuildPhase;
			buildActionMask = 2147483647;
			files = (
			);
			inputPaths = (
			);
			name = "Copy Pods Resources";
			outputPaths = (
			);
			runOnlyForDeploymentPostprocessing = 0;
			shellPath = /bin/sh;
			shellScript = "\"${SRCROOT}/Pods/Target Support Files/Pods-CookMe/Pods-CookMe-resources.sh\"\n";
			showEnvVarsInLog = 0;
		};
		E6C32870FB691C49205BA1EF /* Check Pods Manifest.lock */ = {
			isa = PBXShellScriptBuildPhase;
			buildActionMask = 2147483647;
			files = (
			);
			inputPaths = (
			);
			name = "Check Pods Manifest.lock";
			outputPaths = (
			);
			runOnlyForDeploymentPostprocessing = 0;
			shellPath = /bin/sh;
			shellScript = "diff \"${PODS_ROOT}/../Podfile.lock\" \"${PODS_ROOT}/Manifest.lock\" > /dev/null\nif [[ $? != 0 ]] ; then\n    cat << EOM\nerror: The sandbox is not in sync with the Podfile.lock. Run 'pod install' or update your CocoaPods installation.\nEOM\n    exit 1\nfi\n";
			showEnvVarsInLog = 0;
		};
/* End PBXShellScriptBuildPhase section */

/* Begin PBXSourcesBuildPhase section */
		2B2715D81C62437E001B34B4 /* Sources */ = {
			isa = PBXSourcesBuildPhase;
			buildActionMask = 2147483647;
			files = (
				2B2716341C650B06001B34B4 /* MAMeal.m in Sources */,
				2B2716251C63BD96001B34B4 /* LocalData.m in Sources */,
				2B2716201C6393BB001B34B4 /* MAIngredient.m in Sources */,
				2B2715E71C62437E001B34B4 /* IngredientsTableViewController.m in Sources */,
				2B2716371C65152F001B34B4 /* MAHttpRequest.m in Sources */,
				2B2715E41C62437E001B34B4 /* AppDelegate.m in Sources */,
				2B2716291C63D4DB001B34B4 /* Notifications.m in Sources */,
				2B2715E11C62437E001B34B4 /* main.m in Sources */,
				2B2716311C64DEB7001B34B4 /* MealsViewController.m in Sources */,
			);
			runOnlyForDeploymentPostprocessing = 0;
		};
/* End PBXSourcesBuildPhase section */

/* Begin PBXVariantGroup section */
		2B2715E81C62437E001B34B4 /* Main.storyboard */ = {
			isa = PBXVariantGroup;
			children = (
				2B2715E91C62437E001B34B4 /* Base */,
			);
			name = Main.storyboard;
			sourceTree = "<group>";
		};
		2B2715ED1C62437E001B34B4 /* LaunchScreen.storyboard */ = {
			isa = PBXVariantGroup;
			children = (
				2B2715EE1C62437E001B34B4 /* Base */,
			);
			name = LaunchScreen.storyboard;
			sourceTree = "<group>";
		};
/* End PBXVariantGroup section */

/* Begin XCBuildConfiguration section */
		2B2715F11C62437E001B34B4 /* Debug */ = {
			isa = XCBuildConfiguration;
			buildSettings = {
				ALWAYS_SEARCH_USER_PATHS = NO;
				CLANG_CXX_LANGUAGE_STANDARD = "gnu++0x";
				CLANG_CXX_LIBRARY = "libc++";
				CLANG_ENABLE_MODULES = YES;
				CLANG_ENABLE_OBJC_ARC = YES;
				CLANG_WARN_BOOL_CONVERSION = YES;
				CLANG_WARN_CONSTANT_CONVERSION = YES;
				CLANG_WARN_DIRECT_OBJC_ISA_USAGE = YES_ERROR;
				CLANG_WARN_EMPTY_BODY = YES;
				CLANG_WARN_ENUM_CONVERSION = YES;
				CLANG_WARN_INT_CONVERSION = YES;
				CLANG_WARN_OBJC_ROOT_CLASS = YES_ERROR;
				CLANG_WARN_UNREACHABLE_CODE = YES;
				CLANG_WARN__DUPLICATE_METHOD_MATCH = YES;
				"CODE_SIGN_IDENTITY[sdk=iphoneos*]" = "iPhone Developer";
				COPY_PHASE_STRIP = NO;
				DEBUG_INFORMATION_FORMAT = dwarf;
				ENABLE_STRICT_OBJC_MSGSEND = YES;
				ENABLE_TESTABILITY = YES;
				GCC_C_LANGUAGE_STANDARD = gnu99;
				GCC_DYNAMIC_NO_PIC = NO;
				GCC_NO_COMMON_BLOCKS = YES;
				GCC_OPTIMIZATION_LEVEL = 0;
				GCC_PREPROCESSOR_DEFINITIONS = (
					"DEBUG=1",
					"$(inherited)",
				);
				GCC_WARN_64_TO_32_BIT_CONVERSION = YES;
				GCC_WARN_ABOUT_RETURN_TYPE = YES_ERROR;
				GCC_WARN_UNDECLARED_SELECTOR = YES;
				GCC_WARN_UNINITIALIZED_AUTOS = YES_AGGRESSIVE;
				GCC_WARN_UNUSED_FUNCTION = YES;
				GCC_WARN_UNUSED_VARIABLE = YES;
				IPHONEOS_DEPLOYMENT_TARGET = 9.0;
				MTL_ENABLE_DEBUG_INFO = YES;
				ONLY_ACTIVE_ARCH = YES;
				SDKROOT = iphoneos;
			};
			name = Debug;
		};
		2B2715F21C62437E001B34B4 /* Release */ = {
			isa = XCBuildConfiguration;
			buildSettings = {
				ALWAYS_SEARCH_USER_PATHS = NO;
				CLANG_CXX_LANGUAGE_STANDARD = "gnu++0x";
				CLANG_CXX_LIBRARY = "libc++";
				CLANG_ENABLE_MODULES = YES;
				CLANG_ENABLE_OBJC_ARC = YES;
				CLANG_WARN_BOOL_CONVERSION = YES;
				CLANG_WARN_CONSTANT_CONVERSION = YES;
				CLANG_WARN_DIRECT_OBJC_ISA_USAGE = YES_ERROR;
				CLANG_WARN_EMPTY_BODY = YES;
				CLANG_WARN_ENUM_CONVERSION = YES;
				CLANG_WARN_INT_CONVERSION = YES;
				CLANG_WARN_OBJC_ROOT_CLASS = YES_ERROR;
				CLANG_WARN_UNREACHABLE_CODE = YES;
				CLANG_WARN__DUPLICATE_METHOD_MATCH = YES;
				"CODE_SIGN_IDENTITY[sdk=iphoneos*]" = "iPhone Developer";
				COPY_PHASE_STRIP = NO;
				DEBUG_INFORMATION_FORMAT = "dwarf-with-dsym";
				ENABLE_NS_ASSERTIONS = NO;
				ENABLE_STRICT_OBJC_MSGSEND = YES;
				GCC_C_LANGUAGE_STANDARD = gnu99;
				GCC_NO_COMMON_BLOCKS = YES;
				GCC_WARN_64_TO_32_BIT_CONVERSION = YES;
				GCC_WARN_ABOUT_RETURN_TYPE = YES_ERROR;
				GCC_WARN_UNDECLARED_SELECTOR = YES;
				GCC_WARN_UNINITIALIZED_AUTOS = YES_AGGRESSIVE;
				GCC_WARN_UNUSED_FUNCTION = YES;
				GCC_WARN_UNUSED_VARIABLE = YES;
				IPHONEOS_DEPLOYMENT_TARGET = 9.0;
				MTL_ENABLE_DEBUG_INFO = NO;
				SDKROOT = iphoneos;
				VALIDATE_PRODUCT = YES;
			};
			name = Release;
		};
		2B2715F41C62437E001B34B4 /* Debug */ = {
			isa = XCBuildConfiguration;
			baseConfigurationReference = FF88EC9B77281625295E258A /* Pods-CookMe.debug.xcconfig */;
			buildSettings = {
				ASSETCATALOG_COMPILER_APPICON_NAME = AppIcon;
				INFOPLIST_FILE = CookMe/Info.plist;
				IPHONEOS_DEPLOYMENT_TARGET = 8.1;
				LD_RUNPATH_SEARCH_PATHS = "$(inherited) @executable_path/Frameworks";
				PRODUCT_BUNDLE_IDENTIFIER = com.martinapostolov.CookMe;
				PRODUCT_NAME = "$(TARGET_NAME)";
			};
			name = Debug;
		};
		2B2715F51C62437E001B34B4 /* Release */ = {
			isa = XCBuildConfiguration;
			baseConfigurationReference = 7506A61EA99DD8BD0692EAB4 /* Pods-CookMe.release.xcconfig */;
			buildSettings = {
				ASSETCATALOG_COMPILER_APPICON_NAME = AppIcon;
				INFOPLIST_FILE = CookMe/Info.plist;
				IPHONEOS_DEPLOYMENT_TARGET = 8.1;
				LD_RUNPATH_SEARCH_PATHS = "$(inherited) @executable_path/Frameworks";
				PRODUCT_BUNDLE_IDENTIFIER = com.martinapostolov.CookMe;
				PRODUCT_NAME = "$(TARGET_NAME)";
			};
			name = Release;
		};
/* End XCBuildConfiguration section */

/* Begin XCConfigurationList section */
		2B2715D71C62437E001B34B4 /* Build configuration list for PBXProject "CookMe" */ = {
			isa = XCConfigurationList;
			buildConfigurations = (
				2B2715F11C62437E001B34B4 /* Debug */,
				2B2715F21C62437E001B34B4 /* Release */,
			);
			defaultConfigurationIsVisible = 0;
			defaultConfigurationName = Release;
		};
		2B2715F31C62437E001B34B4 /* Build configuration list for PBXNativeTarget "CookMe" */ = {
			isa = XCConfigurationList;
			buildConfigurations = (
				2B2715F41C62437E001B34B4 /* Debug */,
				2B2715F51C62437E001B34B4 /* Release */,
			);
			defaultConfigurationIsVisible = 0;
			defaultConfigurationName = Release;
		};
/* End XCConfigurationList section */
	};
	rootObject = 2B2715D41C62437E001B34B4 /* Project object */;
}
